{
  "name": "basketball-tournament-task",
  "version": "1.0.0",
  "lockfileVersion": 2,
  "requires": true,
  "packages": {
    "": {
      "name": "basketball-tournament-task",
      "version": "1.0.0",
      "license": "ISC",
      "dependencies": {
        "basketball-tournament-task": "file:"
      }
    },
    "node_modules/basketball-tournament-task": {
      "resolved": "",
      "link": true
    }
  },
  "dependencies": {
    "basketball-tournament-task": {
      "version": "file:",
      "requires": {
        "basketball-tournament-task": "file:"
      }
    }
  }
}
